
Microsoft Visual Studio Solution File, Format Version 12.00
# Visual Studio Version 17
VisualStudioVersion = 17.14.36414.22 d17.14
MinimumVisualStudioVersion = 10.0.40219.1
Project("{FAE04EC0-301F-11D3-BF4B-00C04F79EFBC}") = "window forms a stupid calculator", "window forms a stupid calculator\window forms a stupid calculator.csproj", "{151C5BAD-676B-42B9-8372-7C9660EAE393}"
EndProject
Global
	GlobalSection(SolutionConfigurationPlatforms) = preSolution
		Debug|Any CPU = Debug|Any CPU
		Release|Any CPU = Release|Any CPU
	EndGlobalSection
	GlobalSection(ProjectConfigurationPlatforms) = postSolution
		{151C5BAD-676B-42B9-8372-7C9660EAE393}.Debug|Any CPU.ActiveCfg = Debug|Any CPU
		{151C5BAD-676B-42B9-8372-7C9660EAE393}.Debug|Any CPU.Build.0 = Debug|Any CPU
		{151C5BAD-676B-42B9-8372-7C9660EAE393}.Release|Any CPU.ActiveCfg = Release|Any CPU
		{151C5BAD-676B-42B9-8372-7C9660EAE393}.Release|Any CPU.Build.0 = Release|Any CPU
	EndGlobalSection
	GlobalSection(SolutionProperties) = preSolution
		HideSolutionNode = FALSE
	EndGlobalSection
	GlobalSection(ExtensibilityGlobals) = postSolution
		SolutionGuid = {A411B6F9-2D33-4654-B3FD-02C8CD7BBCD0}
	EndGlobalSection
EndGlobal
